
Microsoft Visual Studio Solution File, Format Version 12.00
# Visual Studio Version 17
VisualStudioVersion = 17.7.34202.233
MinimumVisualStudioVersion = 10.0.40219.1
Project("{FAE04EC0-301F-11D3-BF4B-00C04F79EFBC}") = "Exercicios3Parte3", "Exercicios3Parte3\Exercicios3Parte3.csproj", "{AA28D5F5-8E5E-4FFE-8D1F-A2C406BD246B}"
EndProject
Global
	GlobalSection(SolutionConfigurationPlatforms) = preSolution
		Debug|Any CPU = Debug|Any CPU
		Release|Any CPU = Release|Any CPU
	EndGlobalSection
	GlobalSection(ProjectConfigurationPlatforms) = postSolution
		{AA28D5F5-8E5E-4FFE-8D1F-A2C406BD246B}.Debug|Any CPU.ActiveCfg = Debug|Any CPU
		{AA28D5F5-8E5E-4FFE-8D1F-A2C406BD246B}.Debug|Any CPU.Build.0 = Debug|Any CPU
		{AA28D5F5-8E5E-4FFE-8D1F-A2C406BD246B}.Release|Any CPU.ActiveCfg = Release|Any CPU
		{AA28D5F5-8E5E-4FFE-8D1F-A2C406BD246B}.Release|Any CPU.Build.0 = Release|Any CPU
	EndGlobalSection
	GlobalSection(SolutionProperties) = preSolution
		HideSolutionNode = FALSE
	EndGlobalSection
	GlobalSection(ExtensibilityGlobals) = postSolution
		SolutionGuid = {5A3EF0B7-D656-456E-8879-E6E384020D2D}
	EndGlobalSection
EndGlobal
