
Microsoft Visual Studio Solution File, Format Version 12.00
# Visual Studio Version 17
VisualStudioVersion = 17.9.34728.123
MinimumVisualStudioVersion = 10.0.40219.1
Project("{FAE04EC0-301F-11D3-BF4B-00C04F79EFBC}") = "EmpresaFuncionarios", "EmpresaFuncionarios\EmpresaFuncionarios.csproj", "{5F9E8040-C857-4C2D-8EF2-70751C3F63FE}"
EndProject
Global
	GlobalSection(SolutionConfigurationPlatforms) = preSolution
		Debug|Any CPU = Debug|Any CPU
		Release|Any CPU = Release|Any CPU
	EndGlobalSection
	GlobalSection(ProjectConfigurationPlatforms) = postSolution
		{5F9E8040-C857-4C2D-8EF2-70751C3F63FE}.Debug|Any CPU.ActiveCfg = Debug|Any CPU
		{5F9E8040-C857-4C2D-8EF2-70751C3F63FE}.Debug|Any CPU.Build.0 = Debug|Any CPU
		{5F9E8040-C857-4C2D-8EF2-70751C3F63FE}.Release|Any CPU.ActiveCfg = Release|Any CPU
		{5F9E8040-C857-4C2D-8EF2-70751C3F63FE}.Release|Any CPU.Build.0 = Release|Any CPU
	EndGlobalSection
	GlobalSection(SolutionProperties) = preSolution
		HideSolutionNode = FALSE
	EndGlobalSection
	GlobalSection(ExtensibilityGlobals) = postSolution
		SolutionGuid = {269315FC-7168-429F-9946-61E1A90121BA}
	EndGlobalSection
EndGlobal
