
Microsoft Visual Studio Solution File, Format Version 12.00
# Visual Studio Version 17
VisualStudioVersion = 17.9.34728.123
MinimumVisualStudioVersion = 10.0.40219.1
Project("{FAE04EC0-301F-11D3-BF4B-00C04F79EFBC}") = "Hotel", "Hotel\Hotel.csproj", "{4BEB8038-1C62-4279-9D43-EC0052B142DD}"
EndProject
Global
	GlobalSection(SolutionConfigurationPlatforms) = preSolution
		Debug|Any CPU = Debug|Any CPU
		Release|Any CPU = Release|Any CPU
	EndGlobalSection
	GlobalSection(ProjectConfigurationPlatforms) = postSolution
		{4BEB8038-1C62-4279-9D43-EC0052B142DD}.Debug|Any CPU.ActiveCfg = Debug|Any CPU
		{4BEB8038-1C62-4279-9D43-EC0052B142DD}.Debug|Any CPU.Build.0 = Debug|Any CPU
		{4BEB8038-1C62-4279-9D43-EC0052B142DD}.Release|Any CPU.ActiveCfg = Release|Any CPU
		{4BEB8038-1C62-4279-9D43-EC0052B142DD}.Release|Any CPU.Build.0 = Release|Any CPU
	EndGlobalSection
	GlobalSection(SolutionProperties) = preSolution
		HideSolutionNode = FALSE
	EndGlobalSection
	GlobalSection(ExtensibilityGlobals) = postSolution
		SolutionGuid = {3D5E7E19-6AE3-4755-BD4C-62088D013996}
	EndGlobalSection
EndGlobal
