
Microsoft Visual Studio Solution File, Format Version 12.00
# Visual Studio Version 17
VisualStudioVersion = 17.7.34202.233
MinimumVisualStudioVersion = 10.0.40219.1
Project("{FAE04EC0-301F-11D3-BF4B-00C04F79EFBC}") = "ExercicioListas", "ExercicioListas\ExercicioListas.csproj", "{1E93A04F-2A31-4E77-BF06-FFA70B0375DF}"
EndProject
Global
	GlobalSection(SolutionConfigurationPlatforms) = preSolution
		Debug|Any CPU = Debug|Any CPU
		Release|Any CPU = Release|Any CPU
	EndGlobalSection
	GlobalSection(ProjectConfigurationPlatforms) = postSolution
		{1E93A04F-2A31-4E77-BF06-FFA70B0375DF}.Debug|Any CPU.ActiveCfg = Debug|Any CPU
		{1E93A04F-2A31-4E77-BF06-FFA70B0375DF}.Debug|Any CPU.Build.0 = Debug|Any CPU
		{1E93A04F-2A31-4E77-BF06-FFA70B0375DF}.Release|Any CPU.ActiveCfg = Release|Any CPU
		{1E93A04F-2A31-4E77-BF06-FFA70B0375DF}.Release|Any CPU.Build.0 = Release|Any CPU
	EndGlobalSection
	GlobalSection(SolutionProperties) = preSolution
		HideSolutionNode = FALSE
	EndGlobalSection
	GlobalSection(ExtensibilityGlobals) = postSolution
		SolutionGuid = {50CF9425-1B48-4444-BF6D-FBCBDD679820}
	EndGlobalSection
EndGlobal
