
Microsoft Visual Studio Solution File, Format Version 12.00
# Visual Studio Version 17
VisualStudioVersion = 17.7.34202.233
MinimumVisualStudioVersion = 10.0.40219.1
Project("{FAE04EC0-301F-11D3-BF4B-00C04F79EFBC}") = "COURSE", "COURSE\COURSE.csproj", "{B88D0CA7-9DA7-45E9-A75C-D748AE08A922}"
EndProject
Global
	GlobalSection(SolutionConfigurationPlatforms) = preSolution
		Debug|Any CPU = Debug|Any CPU
		Release|Any CPU = Release|Any CPU
	EndGlobalSection
	GlobalSection(ProjectConfigurationPlatforms) = postSolution
		{B88D0CA7-9DA7-45E9-A75C-D748AE08A922}.Debug|Any CPU.ActiveCfg = Debug|Any CPU
		{B88D0CA7-9DA7-45E9-A75C-D748AE08A922}.Debug|Any CPU.Build.0 = Debug|Any CPU
		{B88D0CA7-9DA7-45E9-A75C-D748AE08A922}.Release|Any CPU.ActiveCfg = Release|Any CPU
		{B88D0CA7-9DA7-45E9-A75C-D748AE08A922}.Release|Any CPU.Build.0 = Release|Any CPU
	EndGlobalSection
	GlobalSection(SolutionProperties) = preSolution
		HideSolutionNode = FALSE
	EndGlobalSection
	GlobalSection(ExtensibilityGlobals) = postSolution
		SolutionGuid = {0F155A5B-AEDB-4006-B4B3-8608355BE855}
	EndGlobalSection
EndGlobal
